
Microsoft Visual Studio Solution File, Format Version 12.00
# Visual Studio Version 17
VisualStudioVersion = 17.8.34511.84
MinimumVisualStudioVersion = 10.0.40219.1
Project("{9A19103F-16F7-4668-BE54-9A1E7A4F7556}") = "AtivosTC5.Presentation", "AtivosTC5.Presentation\AtivosTC5.Presentation.csproj", "{388A3122-9E21-4A26-9766-B56918E8942F}"
EndProject
Project("{9A19103F-16F7-4668-BE54-9A1E7A4F7556}") = "AtivosTC5.Domain", "AtivosTC5.Domain\AtivosTC5.Domain.csproj", "{89335C70-F9AD-417E-B02F-B7933A5720BD}"
EndProject
Project("{9A19103F-16F7-4668-BE54-9A1E7A4F7556}") = "AtivosTC5.Application", "AtivosTC5.Application\AtivosTC5.Application.csproj", "{041A673A-B78E-44BB-9BB5-499E1A1AAD8C}"
EndProject
Project("{9A19103F-16F7-4668-BE54-9A1E7A4F7556}") = "AtivosTC5.Infra.Data", "AtivosTC5.Infra\AtivosTC5.Infra.Data.csproj", "{B2879228-4441-48ED-B5E0-6D5F18A165E9}"
EndProject
Project("{2150E333-8FDC-42A3-9474-1A3956D46DE8}") = "API", "API", "{DAE1778B-A965-49CE-AB67-A8C4B3B3417B}"
EndProject
Project("{2150E333-8FDC-42A3-9474-1A3956D46DE8}") = "DDD", "DDD", "{FBD98AE5-6A42-44B6-BE6C-909A9A381953}"
EndProject
Project("{2150E333-8FDC-42A3-9474-1A3956D46DE8}") = "TDD", "TDD", "{AEF33375-E2F2-4419-BE08-8389C241665B}"
EndProject
Project("{2150E333-8FDC-42A3-9474-1A3956D46DE8}") = "Application", "Application", "{FE99F929-E870-4CFD-A619-1DFA8898570A}"
EndProject
Project("{2150E333-8FDC-42A3-9474-1A3956D46DE8}") = "Domain", "Domain", "{FC4C27EB-A042-4997-A2CA-BFBD0DDE8BD6}"
EndProject
Project("{2150E333-8FDC-42A3-9474-1A3956D46DE8}") = "Infrastructure", "Infrastructure", "{A61D0825-A92F-49B9-A2D5-89E1EAE37D28}"
EndProject
Project("{FAE04EC0-301F-11D3-BF4B-00C04F79EFBC}") = "AtivosTC5.Infra.Authentication", "AtivosTC5.Infra.Authentication\AtivosTC5.Infra.Authentication.csproj", "{55141E89-5A2D-420D-AACB-C310F3F2C267}"
EndProject
Global
	GlobalSection(SolutionConfigurationPlatforms) = preSolution
		Debug|Any CPU = Debug|Any CPU
		Release|Any CPU = Release|Any CPU
	EndGlobalSection
	GlobalSection(ProjectConfigurationPlatforms) = postSolution
		{388A3122-9E21-4A26-9766-B56918E8942F}.Debug|Any CPU.ActiveCfg = Debug|Any CPU
		{388A3122-9E21-4A26-9766-B56918E8942F}.Debug|Any CPU.Build.0 = Debug|Any CPU
		{388A3122-9E21-4A26-9766-B56918E8942F}.Release|Any CPU.ActiveCfg = Release|Any CPU
		{388A3122-9E21-4A26-9766-B56918E8942F}.Release|Any CPU.Build.0 = Release|Any CPU
		{89335C70-F9AD-417E-B02F-B7933A5720BD}.Debug|Any CPU.ActiveCfg = Debug|Any CPU
		{89335C70-F9AD-417E-B02F-B7933A5720BD}.Debug|Any CPU.Build.0 = Debug|Any CPU
		{89335C70-F9AD-417E-B02F-B7933A5720BD}.Release|Any CPU.ActiveCfg = Release|Any CPU
		{89335C70-F9AD-417E-B02F-B7933A5720BD}.Release|Any CPU.Build.0 = Release|Any CPU
		{041A673A-B78E-44BB-9BB5-499E1A1AAD8C}.Debug|Any CPU.ActiveCfg = Debug|Any CPU
		{041A673A-B78E-44BB-9BB5-499E1A1AAD8C}.Debug|Any CPU.Build.0 = Debug|Any CPU
		{041A673A-B78E-44BB-9BB5-499E1A1AAD8C}.Release|Any CPU.ActiveCfg = Release|Any CPU
		{041A673A-B78E-44BB-9BB5-499E1A1AAD8C}.Release|Any CPU.Build.0 = Release|Any CPU
		{B2879228-4441-48ED-B5E0-6D5F18A165E9}.Debug|Any CPU.ActiveCfg = Debug|Any CPU
		{B2879228-4441-48ED-B5E0-6D5F18A165E9}.Debug|Any CPU.Build.0 = Debug|Any CPU
		{B2879228-4441-48ED-B5E0-6D5F18A165E9}.Release|Any CPU.ActiveCfg = Release|Any CPU
		{B2879228-4441-48ED-B5E0-6D5F18A165E9}.Release|Any CPU.Build.0 = Release|Any CPU
		{55141E89-5A2D-420D-AACB-C310F3F2C267}.Debug|Any CPU.ActiveCfg = Debug|Any CPU
		{55141E89-5A2D-420D-AACB-C310F3F2C267}.Debug|Any CPU.Build.0 = Debug|Any CPU
		{55141E89-5A2D-420D-AACB-C310F3F2C267}.Release|Any CPU.ActiveCfg = Release|Any CPU
		{55141E89-5A2D-420D-AACB-C310F3F2C267}.Release|Any CPU.Build.0 = Release|Any CPU
	EndGlobalSection
	GlobalSection(SolutionProperties) = preSolution
		HideSolutionNode = FALSE
	EndGlobalSection
	GlobalSection(NestedProjects) = preSolution
		{388A3122-9E21-4A26-9766-B56918E8942F} = {DAE1778B-A965-49CE-AB67-A8C4B3B3417B}
		{89335C70-F9AD-417E-B02F-B7933A5720BD} = {FC4C27EB-A042-4997-A2CA-BFBD0DDE8BD6}
		{041A673A-B78E-44BB-9BB5-499E1A1AAD8C} = {FE99F929-E870-4CFD-A619-1DFA8898570A}
		{B2879228-4441-48ED-B5E0-6D5F18A165E9} = {A61D0825-A92F-49B9-A2D5-89E1EAE37D28}
		{FE99F929-E870-4CFD-A619-1DFA8898570A} = {FBD98AE5-6A42-44B6-BE6C-909A9A381953}
		{FC4C27EB-A042-4997-A2CA-BFBD0DDE8BD6} = {FBD98AE5-6A42-44B6-BE6C-909A9A381953}
		{A61D0825-A92F-49B9-A2D5-89E1EAE37D28} = {FBD98AE5-6A42-44B6-BE6C-909A9A381953}
		{55141E89-5A2D-420D-AACB-C310F3F2C267} = {A61D0825-A92F-49B9-A2D5-89E1EAE37D28}
	EndGlobalSection
	GlobalSection(ExtensibilityGlobals) = postSolution
		SolutionGuid = {50077642-5813-4E8A-9E96-1A6DBB3B69C0}
	EndGlobalSection
EndGlobal
